// !$*UTF8*$!
{
	archiveVersion = 1;
	classes = {
	};
	objectVersion = 56;
	objects = {

/* Begin PBXBuildFile section */
		58FBE38A421D856F11E79315 /* Pods_OmniVersa.framework in Frameworks */ = {isa = PBXBuildFile; fileRef = 0A2AF446F9986D2A699F2592 /* Pods_OmniVersa.framework */; };
		619BD2372B062DAE009D3E08 /* AppDelegate.swift in Sources */ = {isa = PBXBuildFile; fileRef = 619BD2362B062DAE009D3E08 /* AppDelegate.swift */; };
		619BD2392B062DAE009D3E08 /* SceneDelegate.swift in Sources */ = {isa = PBXBuildFile; fileRef = 619BD2382B062DAE009D3E08 /* SceneDelegate.swift */; };
		619BD23B2B062DAE009D3E08 /* ViewController.swift in Sources */ = {isa = PBXBuildFile; fileRef = 619BD23A2B062DAE009D3E08 /* ViewController.swift */; };
		619BD23E2B062DAE009D3E08 /* Main.storyboard in Resources */ = {isa = PBXBuildFile; fileRef = 619BD23C2B062DAE009D3E08 /* Main.storyboard */; };
		619BD2402B062DB0009D3E08 /* Assets.xcassets in Resources */ = {isa = PBXBuildFile; fileRef = 619BD23F2B062DB0009D3E08 /* Assets.xcassets */; };
		619BD2432B062DB0009D3E08 /* LaunchScreen.storyboard in Resources */ = {isa = PBXBuildFile; fileRef = 619BD2412B062DB0009D3E08 /* LaunchScreen.storyboard */; };
		619BD2512B062DC7009D3E08 /* SidemenuVC.swift in Sources */ = {isa = PBXBuildFile; fileRef = 619BD24B2B062DC7009D3E08 /* SidemenuVC.swift */; };
		619BD2522B062DC7009D3E08 /* FeedbackVC.swift in Sources */ = {isa = PBXBuildFile; fileRef = 619BD24C2B062DC7009D3E08 /* FeedbackVC.swift */; };
		619BD2532B062DC7009D3E08 /* sidemenuTblCell.swift in Sources */ = {isa = PBXBuildFile; fileRef = 619BD24D2B062DC7009D3E08 /* sidemenuTblCell.swift */; };
		619BD2542B062DC7009D3E08 /* Abtsvc.swift in Sources */ = {isa = PBXBuildFile; fileRef = 619BD24E2B062DC7009D3E08 /* Abtsvc.swift */; };
		619BD2552B062DC7009D3E08 /* Helper.swift in Sources */ = {isa = PBXBuildFile; fileRef = 619BD24F2B062DC7009D3E08 /* Helper.swift */; };
		619BD2562B062DC7009D3E08 /* howto.swift in Sources */ = {isa = PBXBuildFile; fileRef = 619BD2502B062DC7009D3E08 /* howto.swift */; };
		619BD2582B062F17009D3E08 /* Romannumeral.swift in Sources */ = {isa = PBXBuildFile; fileRef = 619BD2572B062F17009D3E08 /* Romannumeral.swift */; };
		619BD25A2B062F75009D3E08 /* decimaltonumeral.swift in Sources */ = {isa = PBXBuildFile; fileRef = 619BD2592B062F75009D3E08 /* decimaltonumeral.swift */; };
		619BD25C2B062F9E009D3E08 /* Morse.swift in Sources */ = {isa = PBXBuildFile; fileRef = 619BD25B2B062F9E009D3E08 /* Morse.swift */; };
		619BD25E2B062FDC009D3E08 /* Textmorse.swift in Sources */ = {isa = PBXBuildFile; fileRef = 619BD25D2B062FDC009D3E08 /* Textmorse.swift */; };
/* End PBXBuildFile section */

/* Begin PBXFileReference section */
		0A2AF446F9986D2A699F2592 /* Pods_OmniVersa.framework */ = {isa = PBXFileReference; explicitFileType = wrapper.framework; includeInIndex = 0; path = Pods_OmniVersa.framework; sourceTree = BUILT_PRODUCTS_DIR; };
		619BD2332B062DAE009D3E08 /* OmniVersa.app */ = {isa = PBXFileReference; explicitFileType = wrapper.application; includeInIndex = 0; path = OmniVersa.app; sourceTree = BUILT_PRODUCTS_DIR; };
		619BD2362B062DAE009D3E08 /* AppDelegate.swift */ = {isa = PBXFileReference; lastKnownFileType = sourcecode.swift; path = AppDelegate.swift; sourceTree = "<group>"; };
		619BD2382B062DAE009D3E08 /* SceneDelegate.swift */ = {isa = PBXFileReference; lastKnownFileType = sourcecode.swift; path = SceneDelegate.swift; sourceTree = "<group>"; };
		619BD23A2B062DAE009D3E08 /* ViewController.swift */ = {isa = PBXFileReference; lastKnownFileType = sourcecode.swift; path = ViewController.swift; sourceTree = "<group>"; };
		619BD23D2B062DAE009D3E08 /* Base */ = {isa = PBXFileReference; lastKnownFileType = file.storyboard; name = Base; path = Base.lproj/Main.storyboard; sourceTree = "<group>"; };
		619BD23F2B062DB0009D3E08 /* Assets.xcassets */ = {isa = PBXFileReference; lastKnownFileType = folder.assetcatalog; path = Assets.xcassets; sourceTree = "<group>"; };
		619BD2422B062DB0009D3E08 /* Base */ = {isa = PBXFileReference; lastKnownFileType = file.storyboard; name = Base; path = Base.lproj/LaunchScreen.storyboard; sourceTree = "<group>"; };
		619BD2442B062DB0009D3E08 /* Info.plist */ = {isa = PBXFileReference; lastKnownFileType = text.plist.xml; path = Info.plist; sourceTree = "<group>"; };
		619BD24B2B062DC7009D3E08 /* SidemenuVC.swift */ = {isa = PBXFileReference; fileEncoding = 4; lastKnownFileType = sourcecode.swift; path = SidemenuVC.swift; sourceTree = "<group>"; };
		619BD24C2B062DC7009D3E08 /* FeedbackVC.swift */ = {isa = PBXFileReference; fileEncoding = 4; lastKnownFileType = sourcecode.swift; path = FeedbackVC.swift; sourceTree = "<group>"; };
		619BD24D2B062DC7009D3E08 /* sidemenuTblCell.swift */ = {isa = PBXFileReference; fileEncoding = 4; lastKnownFileType = sourcecode.swift; path = sidemenuTblCell.swift; sourceTree = "<group>"; };
		619BD24E2B062DC7009D3E08 /* Abtsvc.swift */ = {isa = PBXFileReference; fileEncoding = 4; lastKnownFileType = sourcecode.swift; path = Abtsvc.swift; sourceTree = "<group>"; };
		619BD24F2B062DC7009D3E08 /* Helper.swift */ = {isa = PBXFileReference; fileEncoding = 4; lastKnownFileType = sourcecode.swift; path = Helper.swift; sourceTree = "<group>"; };
		619BD2502B062DC7009D3E08 /* howto.swift */ = {isa = PBXFileReference; fileEncoding = 4; lastKnownFileType = sourcecode.swift; path = howto.swift; sourceTree = "<group>"; };
		619BD2572B062F17009D3E08 /* Romannumeral.swift */ = {isa = PBXFileReference; lastKnownFileType = sourcecode.swift; path = Romannumeral.swift; sourceTree = "<group>"; };
		619BD2592B062F75009D3E08 /* decimaltonumeral.swift */ = {isa = PBXFileReference; lastKnownFileType = sourcecode.swift; path = decimaltonumeral.swift; sourceTree = "<group>"; };
		619BD25B2B062F9E009D3E08 /* Morse.swift */ = {isa = PBXFileReference; lastKnownFileType = sourcecode.swift; path = Morse.swift; sourceTree = "<group>"; };
		619BD25D2B062FDC009D3E08 /* Textmorse.swift */ = {isa = PBXFileReference; lastKnownFileType = sourcecode.swift; path = Textmorse.swift; sourceTree = "<group>"; };
		B067A342A139F693ED958374 /* Pods-OmniVersa.debug.xcconfig */ = {isa = PBXFileReference; includeInIndex = 1; lastKnownFileType = text.xcconfig; name = "Pods-OmniVersa.debug.xcconfig"; path = "Target Support Files/Pods-OmniVersa/Pods-OmniVersa.debug.xcconfig"; sourceTree = "<group>"; };
		FB2D6A72BE5695D473E1B106 /* Pods-OmniVersa.release.xcconfig */ = {isa = PBXFileReference; includeInIndex = 1; lastKnownFileType = text.xcconfig; name = "Pods-OmniVersa.release.xcconfig"; path = "Target Support Files/Pods-OmniVersa/Pods-OmniVersa.release.xcconfig"; sourceTree = "<group>"; };
/* End PBXFileReference section */

/* Begin PBXFrameworksBuildPhase section */
		619BD2302B062DAE009D3E08 /* Frameworks */ = {
			isa = PBXFrameworksBuildPhase;
			buildActionMask = 2147483647;
			files = (
				58FBE38A421D856F11E79315 /* Pods_OmniVersa.framework in Frameworks */,
			);
			runOnlyForDeploymentPostprocessing = 0;
		};
/* End PBXFrameworksBuildPhase section */

/* Begin PBXGroup section */
		1F6BFF0DE035AEE0FE1E9980 /* Pods */ = {
			isa = PBXGroup;
			children = (
				B067A342A139F693ED958374 /* Pods-OmniVersa.debug.xcconfig */,
				FB2D6A72BE5695D473E1B106 /* Pods-OmniVersa.release.xcconfig */,
			);
			path = Pods;
			sourceTree = "<group>";
		};
		476BA02AD80F75D96C4A790E /* Frameworks */ = {
			isa = PBXGroup;
			children = (
				0A2AF446F9986D2A699F2592 /* Pods_OmniVersa.framework */,
			);
			name = Frameworks;
			sourceTree = "<group>";
		};
		619BD22A2B062DAE009D3E08 = {
			isa = PBXGroup;
			children = (
				619BD2352B062DAE009D3E08 /* OmniVersa */,
				619BD2342B062DAE009D3E08 /* Products */,
				1F6BFF0DE035AEE0FE1E9980 /* Pods */,
				476BA02AD80F75D96C4A790E /* Frameworks */,
			);
			sourceTree = "<group>";
		};
		619BD2342B062DAE009D3E08 /* Products */ = {
			isa = PBXGroup;
			children = (
				619BD2332B062DAE009D3E08 /* OmniVersa.app */,
			);
			name = Products;
			sourceTree = "<group>";
		};
		619BD2352B062DAE009D3E08 /* OmniVersa */ = {
			isa = PBXGroup;
			children = (
				619BD2362B062DAE009D3E08 /* AppDelegate.swift */,
				619BD2382B062DAE009D3E08 /* SceneDelegate.swift */,
				619BD23A2B062DAE009D3E08 /* ViewController.swift */,
				619BD2572B062F17009D3E08 /* Romannumeral.swift */,
				619BD2592B062F75009D3E08 /* decimaltonumeral.swift */,
				619BD25B2B062F9E009D3E08 /* Morse.swift */,
				619BD25D2B062FDC009D3E08 /* Textmorse.swift */,
				619BD24A2B062DC7009D3E08 /* Sidemenuvc */,
				619BD23C2B062DAE009D3E08 /* Main.storyboard */,
				619BD23F2B062DB0009D3E08 /* Assets.xcassets */,
				619BD2412B062DB0009D3E08 /* LaunchScreen.storyboard */,
				619BD2442B062DB0009D3E08 /* Info.plist */,
			);
			path = OmniVersa;
			sourceTree = "<group>";
		};
		619BD24A2B062DC7009D3E08 /* Sidemenuvc */ = {
			isa = PBXGroup;
			children = (
				619BD24B2B062DC7009D3E08 /* SidemenuVC.swift */,
				619BD24C2B062DC7009D3E08 /* FeedbackVC.swift */,
				619BD24D2B062DC7009D3E08 /* sidemenuTblCell.swift */,
				619BD24E2B062DC7009D3E08 /* Abtsvc.swift */,
				619BD24F2B062DC7009D3E08 /* Helper.swift */,
				619BD2502B062DC7009D3E08 /* howto.swift */,
			);
			path = Sidemenuvc;
			sourceTree = "<group>";
		};
/* End PBXGroup section */

/* Begin PBXNativeTarget section */
		619BD2322B062DAE009D3E08 /* OmniVersa */ = {
			isa = PBXNativeTarget;
			buildConfigurationList = 619BD2472B062DB0009D3E08 /* Build configuration list for PBXNativeTarget "OmniVersa" */;
			buildPhases = (
				6D569CCEB92532AE6E269A91 /* [CP] Check Pods Manifest.lock */,
				619BD22F2B062DAE009D3E08 /* Sources */,
				619BD2302B062DAE009D3E08 /* Frameworks */,
				619BD2312B062DAE009D3E08 /* Resources */,
				03C316A8B6E3FBDEA508D229 /* [CP] Embed Pods Frameworks */,
			);
			buildRules = (
			);
			dependencies = (
			);
			name = OmniVersa;
			productName = OmniVersa;
			productReference = 619BD2332B062DAE009D3E08 /* OmniVersa.app */;
			productType = "com.apple.product-type.application";
		};
/* End PBXNativeTarget section */

/* Begin PBXProject section */
		619BD22B2B062DAE009D3E08 /* Project object */ = {
			isa = PBXProject;
			attributes = {
				BuildIndependentTargetsInParallel = 1;
				LastSwiftUpdateCheck = 1410;
				LastUpgradeCheck = 1410;
				TargetAttributes = {
					619BD2322B062DAE009D3E08 = {
						CreatedOnToolsVersion = 14.1;
					};
				};
			};
			buildConfigurationList = 619BD22E2B062DAE009D3E08 /* Build configuration list for PBXProject "OmniVersa" */;
			compatibilityVersion = "Xcode 14.0";
			developmentRegion = en;
			hasScannedForEncodings = 0;
			knownRegions = (
				en,
				Base,
			);
			mainGroup = 619BD22A2B062DAE009D3E08;
			productRefGroup = 619BD2342B062DAE009D3E08 /* Products */;
			projectDirPath = "";
			projectRoot = "";
			targets = (
				619BD2322B062DAE009D3E08 /* OmniVersa */,
			);
		};
/* End PBXProject section */

/* Begin PBXResourcesBuildPhase section */
		619BD2312B062DAE009D3E08 /* Resources */ = {
			isa = PBXResourcesBuildPhase;
			buildActionMask = 2147483647;
			files = (
				619BD2432B062DB0009D3E08 /* LaunchScreen.storyboard in Resources */,
				619BD2402B062DB0009D3E08 /* Assets.xcassets in Resources */,
				619BD23E2B062DAE009D3E08 /* Main.storyboard in Resources */,
			);
			runOnlyForDeploymentPostprocessing = 0;
		};
/* End PBXResourcesBuildPhase section */

/* Begin PBXShellScriptBuildPhase section */
		03C316A8B6E3FBDEA508D229 /* [CP] Embed Pods Frameworks */ = {
			isa = PBXShellScriptBuildPhase;
			buildActionMask = 2147483647;
			files = (
			);
			inputFileListPaths = (
				"${PODS_ROOT}/Target Support Files/Pods-OmniVersa/Pods-OmniVersa-frameworks-${CONFIGURATION}-input-files.xcfilelist",
			);
			name = "[CP] Embed Pods Frameworks";
			outputFileListPaths = (
				"${PODS_ROOT}/Target Support Files/Pods-OmniVersa/Pods-OmniVersa-frameworks-${CONFIGURATION}-output-files.xcfilelist",
			);
			runOnlyForDeploymentPostprocessing = 0;
			shellPath = /bin/sh;
			shellScript = "\"${PODS_ROOT}/Target Support Files/Pods-OmniVersa/Pods-OmniVersa-frameworks.sh\"\n";
			showEnvVarsInLog = 0;
		};
		6D569CCEB92532AE6E269A91 /* [CP] Check Pods Manifest.lock */ = {
			isa = PBXShellScriptBuildPhase;
			buildActionMask = 2147483647;
			files = (
			);
			inputFileListPaths = (
			);
			inputPaths = (
				"${PODS_PODFILE_DIR_PATH}/Podfile.lock",
				"${PODS_ROOT}/Manifest.lock",
			);
			name = "[CP] Check Pods Manifest.lock";
			outputFileListPaths = (
			);
			outputPaths = (
				"$(DERIVED_FILE_DIR)/Pods-OmniVersa-checkManifestLockResult.txt",
			);
			runOnlyForDeploymentPostprocessing = 0;
			shellPath = /bin/sh;
			shellScript = "diff \"${PODS_PODFILE_DIR_PATH}/Podfile.lock\" \"${PODS_ROOT}/Manifest.lock\" > /dev/null\nif [ $? != 0 ] ; then\n    # print error to STDERR\n    echo \"error: The sandbox is not in sync with the Podfile.lock. Run 'pod install' or update your CocoaPods installation.\" >&2\n    exit 1\nfi\n# This output is used by Xcode 'outputs' to avoid re-running this script phase.\necho \"SUCCESS\" > \"${SCRIPT_OUTPUT_FILE_0}\"\n";
			showEnvVarsInLog = 0;
		};
/* End PBXShellScriptBuildPhase section */

/* Begin PBXSourcesBuildPhase section */
		619BD22F2B062DAE009D3E08 /* Sources */ = {
			isa = PBXSourcesBuildPhase;
			buildActionMask = 2147483647;
			files = (
				619BD25C2B062F9E009D3E08 /* Morse.swift in Sources */,
				619BD2582B062F17009D3E08 /* Romannumeral.swift in Sources */,
				619BD23B2B062DAE009D3E08 /* ViewController.swift in Sources */,
				619BD2522B062DC7009D3E08 /* FeedbackVC.swift in Sources */,
				619BD2532B062DC7009D3E08 /* sidemenuTblCell.swift in Sources */,
				619BD2542B062DC7009D3E08 /* Abtsvc.swift in Sources */,
				619BD2372B062DAE009D3E08 /* AppDelegate.swift in Sources */,
				619BD2562B062DC7009D3E08 /* howto.swift in Sources */,
				619BD2512B062DC7009D3E08 /* SidemenuVC.swift in Sources */,
				619BD2392B062DAE009D3E08 /* SceneDelegate.swift in Sources */,
				619BD25E2B062FDC009D3E08 /* Textmorse.swift in Sources */,
				619BD25A2B062F75009D3E08 /* decimaltonumeral.swift in Sources */,
				619BD2552B062DC7009D3E08 /* Helper.swift in Sources */,
			);
			runOnlyForDeploymentPostprocessing = 0;
		};
/* End PBXSourcesBuildPhase section */

/* Begin PBXVariantGroup section */
		619BD23C2B062DAE009D3E08 /* Main.storyboard */ = {
			isa = PBXVariantGroup;
			children = (
				619BD23D2B062DAE009D3E08 /* Base */,
			);
			name = Main.storyboard;
			sourceTree = "<group>";
		};
		619BD2412B062DB0009D3E08 /* LaunchScreen.storyboard */ = {
			isa = PBXVariantGroup;
			children = (
				619BD2422B062DB0009D3E08 /* Base */,
			);
			name = LaunchScreen.storyboard;
			sourceTree = "<group>";
		};
/* End PBXVariantGroup section */

/* Begin XCBuildConfiguration section */
		619BD2452B062DB0009D3E08 /* Debug */ = {
			isa = XCBuildConfiguration;
			buildSettings = {
				ALWAYS_SEARCH_USER_PATHS = NO;
				CLANG_ANALYZER_NONNULL = YES;
				CLANG_ANALYZER_NUMBER_OBJECT_CONVERSION = YES_AGGRESSIVE;
				CLANG_CXX_LANGUAGE_STANDARD = "gnu++20";
				CLANG_ENABLE_MODULES = YES;
				CLANG_ENABLE_OBJC_ARC = YES;
				CLANG_ENABLE_OBJC_WEAK = YES;
				CLANG_WARN_BLOCK_CAPTURE_AUTORELEASING = YES;
				CLANG_WARN_BOOL_CONVERSION = YES;
				CLANG_WARN_COMMA = YES;
				CLANG_WARN_CONSTANT_CONVERSION = YES;
				CLANG_WARN_DEPRECATED_OBJC_IMPLEMENTATIONS = YES;
				CLANG_WARN_DIRECT_OBJC_ISA_USAGE = YES_ERROR;
				CLANG_WARN_DOCUMENTATION_COMMENTS = YES;
				CLANG_WARN_EMPTY_BODY = YES;
				CLANG_WARN_ENUM_CONVERSION = YES;
				CLANG_WARN_INFINITE_RECURSION = YES;
				CLANG_WARN_INT_CONVERSION = YES;
				CLANG_WARN_NON_LITERAL_NULL_CONVERSION = YES;
				CLANG_WARN_OBJC_IMPLICIT_RETAIN_SELF = YES;
				CLANG_WARN_OBJC_LITERAL_CONVERSION = YES;
				CLANG_WARN_OBJC_ROOT_CLASS = YES_ERROR;
				CLANG_WARN_QUOTED_INCLUDE_IN_FRAMEWORK_HEADER = YES;
				CLANG_WARN_RANGE_LOOP_ANALYSIS = YES;
				CLANG_WARN_STRICT_PROTOTYPES = YES;
				CLANG_WARN_SUSPICIOUS_MOVE = YES;
				CLANG_WARN_UNGUARDED_AVAILABILITY = YES_AGGRESSIVE;
				CLANG_WARN_UNREACHABLE_CODE = YES;
				CLANG_WARN__DUPLICATE_METHOD_MATCH = YES;
				COPY_PHASE_STRIP = NO;
				DEBUG_INFORMATION_FORMAT = dwarf;
				ENABLE_STRICT_OBJC_MSGSEND = YES;
				ENABLE_TESTABILITY = YES;
				GCC_C_LANGUAGE_STANDARD = gnu11;
				GCC_DYNAMIC_NO_PIC = NO;
				GCC_NO_COMMON_BLOCKS = YES;
				GCC_OPTIMIZATION_LEVEL = 0;
				GCC_PREPROCESSOR_DEFINITIONS = (
					"DEBUG=1",
					"$(inherited)",
				);
				GCC_WARN_64_TO_32_BIT_CONVERSION = YES;
				GCC_WARN_ABOUT_RETURN_TYPE = YES_ERROR;
				GCC_WARN_UNDECLARED_SELECTOR = YES;
				GCC_WARN_UNINITIALIZED_AUTOS = YES_AGGRESSIVE;
				GCC_WARN_UNUSED_FUNCTION = YES;
				GCC_WARN_UNUSED_VARIABLE = YES;
				IPHONEOS_DEPLOYMENT_TARGET = 16.1;
				MTL_ENABLE_DEBUG_INFO = INCLUDE_SOURCE;
				MTL_FAST_MATH = YES;
				ONLY_ACTIVE_ARCH = YES;
				SDKROOT = iphoneos;
				SWIFT_ACTIVE_COMPILATION_CONDITIONS = DEBUG;
				SWIFT_OPTIMIZATION_LEVEL = "-Onone";
			};
			name = Debug;
		};
		619BD2462B062DB0009D3E08 /* Release */ = {
			isa = XCBuildConfiguration;
			buildSettings = {
				ALWAYS_SEARCH_USER_PATHS = NO;
				CLANG_ANALYZER_NONNULL = YES;
				CLANG_ANALYZER_NUMBER_OBJECT_CONVERSION = YES_AGGRESSIVE;
				CLANG_CXX_LANGUAGE_STANDARD = "gnu++20";
				CLANG_ENABLE_MODULES = YES;
				CLANG_ENABLE_OBJC_ARC = YES;
				CLANG_ENABLE_OBJC_WEAK = YES;
				CLANG_WARN_BLOCK_CAPTURE_AUTORELEASING = YES;
				CLANG_WARN_BOOL_CONVERSION = YES;
				CLANG_WARN_COMMA = YES;
				CLANG_WARN_CONSTANT_CONVERSION = YES;
				CLANG_WARN_DEPRECATED_OBJC_IMPLEMENTATIONS = YES;
				CLANG_WARN_DIRECT_OBJC_ISA_USAGE = YES_ERROR;
				CLANG_WARN_DOCUMENTATION_COMMENTS = YES;
				CLANG_WARN_EMPTY_BODY = YES;
				CLANG_WARN_ENUM_CONVERSION = YES;
				CLANG_WARN_INFINITE_RECURSION = YES;
				CLANG_WARN_INT_CONVERSION = YES;
				CLANG_WARN_NON_LITERAL_NULL_CONVERSION = YES;
				CLANG_WARN_OBJC_IMPLICIT_RETAIN_SELF = YES;
				CLANG_WARN_OBJC_LITERAL_CONVERSION = YES;
				CLANG_WARN_OBJC_ROOT_CLASS = YES_ERROR;
				CLANG_WARN_QUOTED_INCLUDE_IN_FRAMEWORK_HEADER = YES;
				CLANG_WARN_RANGE_LOOP_ANALYSIS = YES;
				CLANG_WARN_STRICT_PROTOTYPES = YES;
				CLANG_WARN_SUSPICIOUS_MOVE = YES;
				CLANG_WARN_UNGUARDED_AVAILABILITY = YES_AGGRESSIVE;
				CLANG_WARN_UNREACHABLE_CODE = YES;
				CLANG_WARN__DUPLICATE_METHOD_MATCH = YES;
				COPY_PHASE_STRIP = NO;
				DEBUG_INFORMATION_FORMAT = "dwarf-with-dsym";
				ENABLE_NS_ASSERTIONS = NO;
				ENABLE_STRICT_OBJC_MSGSEND = YES;
				GCC_C_LANGUAGE_STANDARD = gnu11;
				GCC_NO_COMMON_BLOCKS = YES;
				GCC_WARN_64_TO_32_BIT_CONVERSION = YES;
				GCC_WARN_ABOUT_RETURN_TYPE = YES_ERROR;
				GCC_WARN_UNDECLARED_SELECTOR = YES;
				GCC_WARN_UNINITIALIZED_AUTOS = YES_AGGRESSIVE;
				GCC_WARN_UNUSED_FUNCTION = YES;
				GCC_WARN_UNUSED_VARIABLE = YES;
				IPHONEOS_DEPLOYMENT_TARGET = 16.1;
				MTL_ENABLE_DEBUG_INFO = NO;
				MTL_FAST_MATH = YES;
				SDKROOT = iphoneos;
				SWIFT_COMPILATION_MODE = wholemodule;
				SWIFT_OPTIMIZATION_LEVEL = "-O";
				VALIDATE_PRODUCT = YES;
			};
			name = Release;
		};
		619BD2482B062DB0009D3E08 /* Debug */ = {
			isa = XCBuildConfiguration;
			baseConfigurationReference = B067A342A139F693ED958374 /* Pods-OmniVersa.debug.xcconfig */;
			buildSettings = {
				ASSETCATALOG_COMPILER_APPICON_NAME = AppIcon;
				ASSETCATALOG_COMPILER_GLOBAL_ACCENT_COLOR_NAME = AccentColor;
				CODE_SIGN_STYLE = Automatic;
				CURRENT_PROJECT_VERSION = 1;
				GENERATE_INFOPLIST_FILE = YES;
				INFOPLIST_FILE = OmniVersa/Info.plist;
				INFOPLIST_KEY_UIApplicationSupportsIndirectInputEvents = YES;
				INFOPLIST_KEY_UILaunchStoryboardName = LaunchScreen;
				INFOPLIST_KEY_UIMainStoryboardFile = Main;
				INFOPLIST_KEY_UISupportedInterfaceOrientations_iPad = "UIInterfaceOrientationPortrait UIInterfaceOrientationPortraitUpsideDown UIInterfaceOrientationLandscapeLeft UIInterfaceOrientationLandscapeRight";
				INFOPLIST_KEY_UISupportedInterfaceOrientations_iPhone = "UIInterfaceOrientationPortrait UIInterfaceOrientationLandscapeLeft UIInterfaceOrientationLandscapeRight";
				IPHONEOS_DEPLOYMENT_TARGET = 12.0;
				LD_RUNPATH_SEARCH_PATHS = (
					"$(inherited)",
					"@executable_path/Frameworks",
				);
				MARKETING_VERSION = 1.0;
				PRODUCT_BUNDLE_IDENTIFIER = com.firstproject11.OmniVersa1;
				PRODUCT_NAME = "$(TARGET_NAME)";
				SUPPORTED_PLATFORMS = "iphoneos iphonesimulator";
				SUPPORTS_MACCATALYST = NO;
				SUPPORTS_MAC_DESIGNED_FOR_IPHONE_IPAD = NO;
				SWIFT_EMIT_LOC_STRINGS = YES;
				SWIFT_VERSION = 5.0;
				TARGETED_DEVICE_FAMILY = 1;
			};
			name = Debug;
		};
		619BD2492B062DB0009D3E08 /* Release */ = {
			isa = XCBuildConfiguration;
			baseConfigurationReference = FB2D6A72BE5695D473E1B106 /* Pods-OmniVersa.release.xcconfig */;
			buildSettings = {
				ASSETCATALOG_COMPILER_APPICON_NAME = AppIcon;
				ASSETCATALOG_COMPILER_GLOBAL_ACCENT_COLOR_NAME = AccentColor;
				CODE_SIGN_STYLE = Automatic;
				CURRENT_PROJECT_VERSION = 1;
				GENERATE_INFOPLIST_FILE = YES;
				INFOPLIST_FILE = OmniVersa/Info.plist;
				INFOPLIST_KEY_UIApplicationSupportsIndirectInputEvents = YES;
				INFOPLIST_KEY_UILaunchStoryboardName = LaunchScreen;
				INFOPLIST_KEY_UIMainStoryboardFile = Main;
				INFOPLIST_KEY_UISupportedInterfaceOrientations_iPad = "UIInterfaceOrientationPortrait UIInterfaceOrientationPortraitUpsideDown UIInterfaceOrientationLandscapeLeft UIInterfaceOrientationLandscapeRight";
				INFOPLIST_KEY_UISupportedInterfaceOrientations_iPhone = "UIInterfaceOrientationPortrait UIInterfaceOrientationLandscapeLeft UIInterfaceOrientationLandscapeRight";
				IPHONEOS_DEPLOYMENT_TARGET = 12.0;
				LD_RUNPATH_SEARCH_PATHS = (
					"$(inherited)",
					"@executable_path/Frameworks",
				);
				MARKETING_VERSION = 1.0;
				PRODUCT_BUNDLE_IDENTIFIER = com.firstproject11.OmniVersa1;
				PRODUCT_NAME = "$(TARGET_NAME)";
				SUPPORTED_PLATFORMS = "iphoneos iphonesimulator";
				SUPPORTS_MACCATALYST = NO;
				SUPPORTS_MAC_DESIGNED_FOR_IPHONE_IPAD = NO;
				SWIFT_EMIT_LOC_STRINGS = YES;
				SWIFT_VERSION = 5.0;
				TARGETED_DEVICE_FAMILY = 1;
			};
			name = Release;
		};
/* End XCBuildConfiguration section */

/* Begin XCConfigurationList section */
		619BD22E2B062DAE009D3E08 /* Build configuration list for PBXProject "OmniVersa" */ = {
			isa = XCConfigurationList;
			buildConfigurations = (
				619BD2452B062DB0009D3E08 /* Debug */,
				619BD2462B062DB0009D3E08 /* Release */,
			);
			defaultConfigurationIsVisible = 0;
			defaultConfigurationName = Release;
		};
		619BD2472B062DB0009D3E08 /* Build configuration list for PBXNativeTarget "OmniVersa" */ = {
			isa = XCConfigurationList;
			buildConfigurations = (
				619BD2482B062DB0009D3E08 /* Debug */,
				619BD2492B062DB0009D3E08 /* Release */,
			);
			defaultConfigurationIsVisible = 0;
			defaultConfigurationName = Release;
		};
/* End XCConfigurationList section */
	};
	rootObject = 619BD22B2B062DAE009D3E08 /* Project object */;
}
