// !$*UTF8*$!
{
	archiveVersion = 1;
	classes = {
	};
	objectVersion = 56;
	objects = {

/* Begin PBXBuildFile section */
		61529B022B0E46BC000CC7F7 /* AppDelegate.swift in Sources */ = {isa = PBXBuildFile; fileRef = 61529B012B0E46BC000CC7F7 /* AppDelegate.swift */; };
		61529B042B0E46BC000CC7F7 /* SceneDelegate.swift in Sources */ = {isa = PBXBuildFile; fileRef = 61529B032B0E46BC000CC7F7 /* SceneDelegate.swift */; };
		61529B062B0E46BC000CC7F7 /* ViewController.swift in Sources */ = {isa = PBXBuildFile; fileRef = 61529B052B0E46BC000CC7F7 /* ViewController.swift */; };
		61529B092B0E46BC000CC7F7 /* Main.storyboard in Resources */ = {isa = PBXBuildFile; fileRef = 61529B072B0E46BC000CC7F7 /* Main.storyboard */; };
		61529B0B2B0E46BD000CC7F7 /* Assets.xcassets in Resources */ = {isa = PBXBuildFile; fileRef = 61529B0A2B0E46BD000CC7F7 /* Assets.xcassets */; };
		61529B0E2B0E46BD000CC7F7 /* LaunchScreen.storyboard in Resources */ = {isa = PBXBuildFile; fileRef = 61529B0C2B0E46BD000CC7F7 /* LaunchScreen.storyboard */; };
		61529B1C2B0E4711000CC7F7 /* SidemenuVC.swift in Sources */ = {isa = PBXBuildFile; fileRef = 61529B162B0E4710000CC7F7 /* SidemenuVC.swift */; };
		61529B1D2B0E4711000CC7F7 /* FeedbackVC.swift in Sources */ = {isa = PBXBuildFile; fileRef = 61529B172B0E4710000CC7F7 /* FeedbackVC.swift */; };
		61529B1E2B0E4711000CC7F7 /* sidemenuTblCell.swift in Sources */ = {isa = PBXBuildFile; fileRef = 61529B182B0E4710000CC7F7 /* sidemenuTblCell.swift */; };
		61529B1F2B0E4711000CC7F7 /* Abtsvc.swift in Sources */ = {isa = PBXBuildFile; fileRef = 61529B192B0E4710000CC7F7 /* Abtsvc.swift */; };
		61529B202B0E4711000CC7F7 /* Helper.swift in Sources */ = {isa = PBXBuildFile; fileRef = 61529B1A2B0E4710000CC7F7 /* Helper.swift */; };
		61529B212B0E4711000CC7F7 /* howto.swift in Sources */ = {isa = PBXBuildFile; fileRef = 61529B1B2B0E4710000CC7F7 /* howto.swift */; };
		61529B232B0E5088000CC7F7 /* Average.swift in Sources */ = {isa = PBXBuildFile; fileRef = 61529B222B0E5088000CC7F7 /* Average.swift */; };
		61529B252B0E51F7000CC7F7 /* ODD.swift in Sources */ = {isa = PBXBuildFile; fileRef = 61529B242B0E51F7000CC7F7 /* ODD.swift */; };
		61529B272B0E5791000CC7F7 /* Even.swift in Sources */ = {isa = PBXBuildFile; fileRef = 61529B262B0E5791000CC7F7 /* Even.swift */; };
		61529B292B0E57ED000CC7F7 /* Prime.swift in Sources */ = {isa = PBXBuildFile; fileRef = 61529B282B0E57ED000CC7F7 /* Prime.swift */; };
		FED2121B4249C2179B2DC477 /* Pods_NumAllure.framework in Frameworks */ = {isa = PBXBuildFile; fileRef = 67D665D1E6B665AEE9AD25CC /* Pods_NumAllure.framework */; };
/* End PBXBuildFile section */

/* Begin PBXFileReference section */
		03804FB8CD6AE718065F855A /* Pods-NumAllure.debug.xcconfig */ = {isa = PBXFileReference; includeInIndex = 1; lastKnownFileType = text.xcconfig; name = "Pods-NumAllure.debug.xcconfig"; path = "Target Support Files/Pods-NumAllure/Pods-NumAllure.debug.xcconfig"; sourceTree = "<group>"; };
		3AA442AEDD8DC04CBB65A333 /* Pods-NumAllure.release.xcconfig */ = {isa = PBXFileReference; includeInIndex = 1; lastKnownFileType = text.xcconfig; name = "Pods-NumAllure.release.xcconfig"; path = "Target Support Files/Pods-NumAllure/Pods-NumAllure.release.xcconfig"; sourceTree = "<group>"; };
		61529AFE2B0E46BC000CC7F7 /* NumAllure.app */ = {isa = PBXFileReference; explicitFileType = wrapper.application; includeInIndex = 0; path = NumAllure.app; sourceTree = BUILT_PRODUCTS_DIR; };
		61529B012B0E46BC000CC7F7 /* AppDelegate.swift */ = {isa = PBXFileReference; lastKnownFileType = sourcecode.swift; path = AppDelegate.swift; sourceTree = "<group>"; };
		61529B032B0E46BC000CC7F7 /* SceneDelegate.swift */ = {isa = PBXFileReference; lastKnownFileType = sourcecode.swift; path = SceneDelegate.swift; sourceTree = "<group>"; };
		61529B052B0E46BC000CC7F7 /* ViewController.swift */ = {isa = PBXFileReference; lastKnownFileType = sourcecode.swift; path = ViewController.swift; sourceTree = "<group>"; };
		61529B082B0E46BC000CC7F7 /* Base */ = {isa = PBXFileReference; lastKnownFileType = file.storyboard; name = Base; path = Base.lproj/Main.storyboard; sourceTree = "<group>"; };
		61529B0A2B0E46BD000CC7F7 /* Assets.xcassets */ = {isa = PBXFileReference; lastKnownFileType = folder.assetcatalog; path = Assets.xcassets; sourceTree = "<group>"; };
		61529B0D2B0E46BD000CC7F7 /* Base */ = {isa = PBXFileReference; lastKnownFileType = file.storyboard; name = Base; path = Base.lproj/LaunchScreen.storyboard; sourceTree = "<group>"; };
		61529B0F2B0E46BD000CC7F7 /* Info.plist */ = {isa = PBXFileReference; lastKnownFileType = text.plist.xml; path = Info.plist; sourceTree = "<group>"; };
		61529B162B0E4710000CC7F7 /* SidemenuVC.swift */ = {isa = PBXFileReference; fileEncoding = 4; lastKnownFileType = sourcecode.swift; path = SidemenuVC.swift; sourceTree = "<group>"; };
		61529B172B0E4710000CC7F7 /* FeedbackVC.swift */ = {isa = PBXFileReference; fileEncoding = 4; lastKnownFileType = sourcecode.swift; path = FeedbackVC.swift; sourceTree = "<group>"; };
		61529B182B0E4710000CC7F7 /* sidemenuTblCell.swift */ = {isa = PBXFileReference; fileEncoding = 4; lastKnownFileType = sourcecode.swift; path = sidemenuTblCell.swift; sourceTree = "<group>"; };
		61529B192B0E4710000CC7F7 /* Abtsvc.swift */ = {isa = PBXFileReference; fileEncoding = 4; lastKnownFileType = sourcecode.swift; path = Abtsvc.swift; sourceTree = "<group>"; };
		61529B1A2B0E4710000CC7F7 /* Helper.swift */ = {isa = PBXFileReference; fileEncoding = 4; lastKnownFileType = sourcecode.swift; path = Helper.swift; sourceTree = "<group>"; };
		61529B1B2B0E4710000CC7F7 /* howto.swift */ = {isa = PBXFileReference; fileEncoding = 4; lastKnownFileType = sourcecode.swift; path = howto.swift; sourceTree = "<group>"; };
		61529B222B0E5088000CC7F7 /* Average.swift */ = {isa = PBXFileReference; lastKnownFileType = sourcecode.swift; path = Average.swift; sourceTree = "<group>"; };
		61529B242B0E51F7000CC7F7 /* ODD.swift */ = {isa = PBXFileReference; lastKnownFileType = sourcecode.swift; path = ODD.swift; sourceTree = "<group>"; };
		61529B262B0E5791000CC7F7 /* Even.swift */ = {isa = PBXFileReference; lastKnownFileType = sourcecode.swift; path = Even.swift; sourceTree = "<group>"; };
		61529B282B0E57ED000CC7F7 /* Prime.swift */ = {isa = PBXFileReference; lastKnownFileType = sourcecode.swift; path = Prime.swift; sourceTree = "<group>"; };
		67D665D1E6B665AEE9AD25CC /* Pods_NumAllure.framework */ = {isa = PBXFileReference; explicitFileType = wrapper.framework; includeInIndex = 0; path = Pods_NumAllure.framework; sourceTree = BUILT_PRODUCTS_DIR; };
/* End PBXFileReference section */

/* Begin PBXFrameworksBuildPhase section */
		61529AFB2B0E46BC000CC7F7 /* Frameworks */ = {
			isa = PBXFrameworksBuildPhase;
			buildActionMask = 2147483647;
			files = (
				FED2121B4249C2179B2DC477 /* Pods_NumAllure.framework in Frameworks */,
			);
			runOnlyForDeploymentPostprocessing = 0;
		};
/* End PBXFrameworksBuildPhase section */

/* Begin PBXGroup section */
		61529AF52B0E46BC000CC7F7 = {
			isa = PBXGroup;
			children = (
				61529B002B0E46BC000CC7F7 /* NumAllure */,
				61529AFF2B0E46BC000CC7F7 /* Products */,
				F2A2F7F1C5BA276349532105 /* Pods */,
				833954E149EB5107FC5662FA /* Frameworks */,
			);
			sourceTree = "<group>";
		};
		61529AFF2B0E46BC000CC7F7 /* Products */ = {
			isa = PBXGroup;
			children = (
				61529AFE2B0E46BC000CC7F7 /* NumAllure.app */,
			);
			name = Products;
			sourceTree = "<group>";
		};
		61529B002B0E46BC000CC7F7 /* NumAllure */ = {
			isa = PBXGroup;
			children = (
				61529B012B0E46BC000CC7F7 /* AppDelegate.swift */,
				61529B032B0E46BC000CC7F7 /* SceneDelegate.swift */,
				61529B052B0E46BC000CC7F7 /* ViewController.swift */,
				61529B242B0E51F7000CC7F7 /* ODD.swift */,
				61529B262B0E5791000CC7F7 /* Even.swift */,
				61529B282B0E57ED000CC7F7 /* Prime.swift */,
				61529B222B0E5088000CC7F7 /* Average.swift */,
				61529B152B0E4710000CC7F7 /* Sidemenuvc */,
				61529B072B0E46BC000CC7F7 /* Main.storyboard */,
				61529B0A2B0E46BD000CC7F7 /* Assets.xcassets */,
				61529B0C2B0E46BD000CC7F7 /* LaunchScreen.storyboard */,
				61529B0F2B0E46BD000CC7F7 /* Info.plist */,
			);
			path = NumAllure;
			sourceTree = "<group>";
		};
		61529B152B0E4710000CC7F7 /* Sidemenuvc */ = {
			isa = PBXGroup;
			children = (
				61529B162B0E4710000CC7F7 /* SidemenuVC.swift */,
				61529B172B0E4710000CC7F7 /* FeedbackVC.swift */,
				61529B182B0E4710000CC7F7 /* sidemenuTblCell.swift */,
				61529B192B0E4710000CC7F7 /* Abtsvc.swift */,
				61529B1A2B0E4710000CC7F7 /* Helper.swift */,
				61529B1B2B0E4710000CC7F7 /* howto.swift */,
			);
			path = Sidemenuvc;
			sourceTree = "<group>";
		};
		833954E149EB5107FC5662FA /* Frameworks */ = {
			isa = PBXGroup;
			children = (
				67D665D1E6B665AEE9AD25CC /* Pods_NumAllure.framework */,
			);
			name = Frameworks;
			sourceTree = "<group>";
		};
		F2A2F7F1C5BA276349532105 /* Pods */ = {
			isa = PBXGroup;
			children = (
				03804FB8CD6AE718065F855A /* Pods-NumAllure.debug.xcconfig */,
				3AA442AEDD8DC04CBB65A333 /* Pods-NumAllure.release.xcconfig */,
			);
			path = Pods;
			sourceTree = "<group>";
		};
/* End PBXGroup section */

/* Begin PBXNativeTarget section */
		61529AFD2B0E46BC000CC7F7 /* NumAllure */ = {
			isa = PBXNativeTarget;
			buildConfigurationList = 61529B122B0E46BD000CC7F7 /* Build configuration list for PBXNativeTarget "NumAllure" */;
			buildPhases = (
				909059B77B0FE28072A668B6 /* [CP] Check Pods Manifest.lock */,
				61529AFA2B0E46BC000CC7F7 /* Sources */,
				61529AFB2B0E46BC000CC7F7 /* Frameworks */,
				61529AFC2B0E46BC000CC7F7 /* Resources */,
				35568C3A6FB3A66DBA01CB64 /* [CP] Embed Pods Frameworks */,
			);
			buildRules = (
			);
			dependencies = (
			);
			name = NumAllure;
			productName = NumAllure;
			productReference = 61529AFE2B0E46BC000CC7F7 /* NumAllure.app */;
			productType = "com.apple.product-type.application";
		};
/* End PBXNativeTarget section */

/* Begin PBXProject section */
		61529AF62B0E46BC000CC7F7 /* Project object */ = {
			isa = PBXProject;
			attributes = {
				BuildIndependentTargetsInParallel = 1;
				LastSwiftUpdateCheck = 1410;
				LastUpgradeCheck = 1410;
				TargetAttributes = {
					61529AFD2B0E46BC000CC7F7 = {
						CreatedOnToolsVersion = 14.1;
					};
				};
			};
			buildConfigurationList = 61529AF92B0E46BC000CC7F7 /* Build configuration list for PBXProject "NumAllure" */;
			compatibilityVersion = "Xcode 14.0";
			developmentRegion = en;
			hasScannedForEncodings = 0;
			knownRegions = (
				en,
				Base,
			);
			mainGroup = 61529AF52B0E46BC000CC7F7;
			productRefGroup = 61529AFF2B0E46BC000CC7F7 /* Products */;
			projectDirPath = "";
			projectRoot = "";
			targets = (
				61529AFD2B0E46BC000CC7F7 /* NumAllure */,
			);
		};
/* End PBXProject section */

/* Begin PBXResourcesBuildPhase section */
		61529AFC2B0E46BC000CC7F7 /* Resources */ = {
			isa = PBXResourcesBuildPhase;
			buildActionMask = 2147483647;
			files = (
				61529B0E2B0E46BD000CC7F7 /* LaunchScreen.storyboard in Resources */,
				61529B0B2B0E46BD000CC7F7 /* Assets.xcassets in Resources */,
				61529B092B0E46BC000CC7F7 /* Main.storyboard in Resources */,
			);
			runOnlyForDeploymentPostprocessing = 0;
		};
/* End PBXResourcesBuildPhase section */

/* Begin PBXShellScriptBuildPhase section */
		35568C3A6FB3A66DBA01CB64 /* [CP] Embed Pods Frameworks */ = {
			isa = PBXShellScriptBuildPhase;
			buildActionMask = 2147483647;
			files = (
			);
			inputFileListPaths = (
				"${PODS_ROOT}/Target Support Files/Pods-NumAllure/Pods-NumAllure-frameworks-${CONFIGURATION}-input-files.xcfilelist",
			);
			name = "[CP] Embed Pods Frameworks";
			outputFileListPaths = (
				"${PODS_ROOT}/Target Support Files/Pods-NumAllure/Pods-NumAllure-frameworks-${CONFIGURATION}-output-files.xcfilelist",
			);
			runOnlyForDeploymentPostprocessing = 0;
			shellPath = /bin/sh;
			shellScript = "\"${PODS_ROOT}/Target Support Files/Pods-NumAllure/Pods-NumAllure-frameworks.sh\"\n";
			showEnvVarsInLog = 0;
		};
		909059B77B0FE28072A668B6 /* [CP] Check Pods Manifest.lock */ = {
			isa = PBXShellScriptBuildPhase;
			buildActionMask = 2147483647;
			files = (
			);
			inputFileListPaths = (
			);
			inputPaths = (
				"${PODS_PODFILE_DIR_PATH}/Podfile.lock",
				"${PODS_ROOT}/Manifest.lock",
			);
			name = "[CP] Check Pods Manifest.lock";
			outputFileListPaths = (
			);
			outputPaths = (
				"$(DERIVED_FILE_DIR)/Pods-NumAllure-checkManifestLockResult.txt",
			);
			runOnlyForDeploymentPostprocessing = 0;
			shellPath = /bin/sh;
			shellScript = "diff \"${PODS_PODFILE_DIR_PATH}/Podfile.lock\" \"${PODS_ROOT}/Manifest.lock\" > /dev/null\nif [ $? != 0 ] ; then\n    # print error to STDERR\n    echo \"error: The sandbox is not in sync with the Podfile.lock. Run 'pod install' or update your CocoaPods installation.\" >&2\n    exit 1\nfi\n# This output is used by Xcode 'outputs' to avoid re-running this script phase.\necho \"SUCCESS\" > \"${SCRIPT_OUTPUT_FILE_0}\"\n";
			showEnvVarsInLog = 0;
		};
/* End PBXShellScriptBuildPhase section */

/* Begin PBXSourcesBuildPhase section */
		61529AFA2B0E46BC000CC7F7 /* Sources */ = {
			isa = PBXSourcesBuildPhase;
			buildActionMask = 2147483647;
			files = (
				61529B062B0E46BC000CC7F7 /* ViewController.swift in Sources */,
				61529B1D2B0E4711000CC7F7 /* FeedbackVC.swift in Sources */,
				61529B1E2B0E4711000CC7F7 /* sidemenuTblCell.swift in Sources */,
				61529B1F2B0E4711000CC7F7 /* Abtsvc.swift in Sources */,
				61529B292B0E57ED000CC7F7 /* Prime.swift in Sources */,
				61529B022B0E46BC000CC7F7 /* AppDelegate.swift in Sources */,
				61529B212B0E4711000CC7F7 /* howto.swift in Sources */,
				61529B1C2B0E4711000CC7F7 /* SidemenuVC.swift in Sources */,
				61529B272B0E5791000CC7F7 /* Even.swift in Sources */,
				61529B252B0E51F7000CC7F7 /* ODD.swift in Sources */,
				61529B232B0E5088000CC7F7 /* Average.swift in Sources */,
				61529B042B0E46BC000CC7F7 /* SceneDelegate.swift in Sources */,
				61529B202B0E4711000CC7F7 /* Helper.swift in Sources */,
			);
			runOnlyForDeploymentPostprocessing = 0;
		};
/* End PBXSourcesBuildPhase section */

/* Begin PBXVariantGroup section */
		61529B072B0E46BC000CC7F7 /* Main.storyboard */ = {
			isa = PBXVariantGroup;
			children = (
				61529B082B0E46BC000CC7F7 /* Base */,
			);
			name = Main.storyboard;
			sourceTree = "<group>";
		};
		61529B0C2B0E46BD000CC7F7 /* LaunchScreen.storyboard */ = {
			isa = PBXVariantGroup;
			children = (
				61529B0D2B0E46BD000CC7F7 /* Base */,
			);
			name = LaunchScreen.storyboard;
			sourceTree = "<group>";
		};
/* End PBXVariantGroup section */

/* Begin XCBuildConfiguration section */
		61529B102B0E46BD000CC7F7 /* Debug */ = {
			isa = XCBuildConfiguration;
			buildSettings = {
				ALWAYS_SEARCH_USER_PATHS = NO;
				CLANG_ANALYZER_NONNULL = YES;
				CLANG_ANALYZER_NUMBER_OBJECT_CONVERSION = YES_AGGRESSIVE;
				CLANG_CXX_LANGUAGE_STANDARD = "gnu++20";
				CLANG_ENABLE_MODULES = YES;
				CLANG_ENABLE_OBJC_ARC = YES;
				CLANG_ENABLE_OBJC_WEAK = YES;
				CLANG_WARN_BLOCK_CAPTURE_AUTORELEASING = YES;
				CLANG_WARN_BOOL_CONVERSION = YES;
				CLANG_WARN_COMMA = YES;
				CLANG_WARN_CONSTANT_CONVERSION = YES;
				CLANG_WARN_DEPRECATED_OBJC_IMPLEMENTATIONS = YES;
				CLANG_WARN_DIRECT_OBJC_ISA_USAGE = YES_ERROR;
				CLANG_WARN_DOCUMENTATION_COMMENTS = YES;
				CLANG_WARN_EMPTY_BODY = YES;
				CLANG_WARN_ENUM_CONVERSION = YES;
				CLANG_WARN_INFINITE_RECURSION = YES;
				CLANG_WARN_INT_CONVERSION = YES;
				CLANG_WARN_NON_LITERAL_NULL_CONVERSION = YES;
				CLANG_WARN_OBJC_IMPLICIT_RETAIN_SELF = YES;
				CLANG_WARN_OBJC_LITERAL_CONVERSION = YES;
				CLANG_WARN_OBJC_ROOT_CLASS = YES_ERROR;
				CLANG_WARN_QUOTED_INCLUDE_IN_FRAMEWORK_HEADER = YES;
				CLANG_WARN_RANGE_LOOP_ANALYSIS = YES;
				CLANG_WARN_STRICT_PROTOTYPES = YES;
				CLANG_WARN_SUSPICIOUS_MOVE = YES;
				CLANG_WARN_UNGUARDED_AVAILABILITY = YES_AGGRESSIVE;
				CLANG_WARN_UNREACHABLE_CODE = YES;
				CLANG_WARN__DUPLICATE_METHOD_MATCH = YES;
				COPY_PHASE_STRIP = NO;
				DEBUG_INFORMATION_FORMAT = dwarf;
				ENABLE_STRICT_OBJC_MSGSEND = YES;
				ENABLE_TESTABILITY = YES;
				GCC_C_LANGUAGE_STANDARD = gnu11;
				GCC_DYNAMIC_NO_PIC = NO;
				GCC_NO_COMMON_BLOCKS = YES;
				GCC_OPTIMIZATION_LEVEL = 0;
				GCC_PREPROCESSOR_DEFINITIONS = (
					"DEBUG=1",
					"$(inherited)",
				);
				GCC_WARN_64_TO_32_BIT_CONVERSION = YES;
				GCC_WARN_ABOUT_RETURN_TYPE = YES_ERROR;
				GCC_WARN_UNDECLARED_SELECTOR = YES;
				GCC_WARN_UNINITIALIZED_AUTOS = YES_AGGRESSIVE;
				GCC_WARN_UNUSED_FUNCTION = YES;
				GCC_WARN_UNUSED_VARIABLE = YES;
				IPHONEOS_DEPLOYMENT_TARGET = 16.1;
				MTL_ENABLE_DEBUG_INFO = INCLUDE_SOURCE;
				MTL_FAST_MATH = YES;
				ONLY_ACTIVE_ARCH = YES;
				SDKROOT = iphoneos;
				SWIFT_ACTIVE_COMPILATION_CONDITIONS = DEBUG;
				SWIFT_OPTIMIZATION_LEVEL = "-Onone";
			};
			name = Debug;
		};
		61529B112B0E46BD000CC7F7 /* Release */ = {
			isa = XCBuildConfiguration;
			buildSettings = {
				ALWAYS_SEARCH_USER_PATHS = NO;
				CLANG_ANALYZER_NONNULL = YES;
				CLANG_ANALYZER_NUMBER_OBJECT_CONVERSION = YES_AGGRESSIVE;
				CLANG_CXX_LANGUAGE_STANDARD = "gnu++20";
				CLANG_ENABLE_MODULES = YES;
				CLANG_ENABLE_OBJC_ARC = YES;
				CLANG_ENABLE_OBJC_WEAK = YES;
				CLANG_WARN_BLOCK_CAPTURE_AUTORELEASING = YES;
				CLANG_WARN_BOOL_CONVERSION = YES;
				CLANG_WARN_COMMA = YES;
				CLANG_WARN_CONSTANT_CONVERSION = YES;
				CLANG_WARN_DEPRECATED_OBJC_IMPLEMENTATIONS = YES;
				CLANG_WARN_DIRECT_OBJC_ISA_USAGE = YES_ERROR;
				CLANG_WARN_DOCUMENTATION_COMMENTS = YES;
				CLANG_WARN_EMPTY_BODY = YES;
				CLANG_WARN_ENUM_CONVERSION = YES;
				CLANG_WARN_INFINITE_RECURSION = YES;
				CLANG_WARN_INT_CONVERSION = YES;
				CLANG_WARN_NON_LITERAL_NULL_CONVERSION = YES;
				CLANG_WARN_OBJC_IMPLICIT_RETAIN_SELF = YES;
				CLANG_WARN_OBJC_LITERAL_CONVERSION = YES;
				CLANG_WARN_OBJC_ROOT_CLASS = YES_ERROR;
				CLANG_WARN_QUOTED_INCLUDE_IN_FRAMEWORK_HEADER = YES;
				CLANG_WARN_RANGE_LOOP_ANALYSIS = YES;
				CLANG_WARN_STRICT_PROTOTYPES = YES;
				CLANG_WARN_SUSPICIOUS_MOVE = YES;
				CLANG_WARN_UNGUARDED_AVAILABILITY = YES_AGGRESSIVE;
				CLANG_WARN_UNREACHABLE_CODE = YES;
				CLANG_WARN__DUPLICATE_METHOD_MATCH = YES;
				COPY_PHASE_STRIP = NO;
				DEBUG_INFORMATION_FORMAT = "dwarf-with-dsym";
				ENABLE_NS_ASSERTIONS = NO;
				ENABLE_STRICT_OBJC_MSGSEND = YES;
				GCC_C_LANGUAGE_STANDARD = gnu11;
				GCC_NO_COMMON_BLOCKS = YES;
				GCC_WARN_64_TO_32_BIT_CONVERSION = YES;
				GCC_WARN_ABOUT_RETURN_TYPE = YES_ERROR;
				GCC_WARN_UNDECLARED_SELECTOR = YES;
				GCC_WARN_UNINITIALIZED_AUTOS = YES_AGGRESSIVE;
				GCC_WARN_UNUSED_FUNCTION = YES;
				GCC_WARN_UNUSED_VARIABLE = YES;
				IPHONEOS_DEPLOYMENT_TARGET = 16.1;
				MTL_ENABLE_DEBUG_INFO = NO;
				MTL_FAST_MATH = YES;
				SDKROOT = iphoneos;
				SWIFT_COMPILATION_MODE = wholemodule;
				SWIFT_OPTIMIZATION_LEVEL = "-O";
				VALIDATE_PRODUCT = YES;
			};
			name = Release;
		};
		61529B132B0E46BD000CC7F7 /* Debug */ = {
			isa = XCBuildConfiguration;
			baseConfigurationReference = 03804FB8CD6AE718065F855A /* Pods-NumAllure.debug.xcconfig */;
			buildSettings = {
				ASSETCATALOG_COMPILER_APPICON_NAME = AppIcon;
				ASSETCATALOG_COMPILER_GLOBAL_ACCENT_COLOR_NAME = AccentColor;
				CODE_SIGN_STYLE = Automatic;
				CURRENT_PROJECT_VERSION = 1;
				GENERATE_INFOPLIST_FILE = YES;
				INFOPLIST_FILE = NumAllure/Info.plist;
				INFOPLIST_KEY_CFBundleDisplayName = NumAllure;
				INFOPLIST_KEY_UIApplicationSupportsIndirectInputEvents = YES;
				INFOPLIST_KEY_UILaunchStoryboardName = LaunchScreen;
				INFOPLIST_KEY_UIMainStoryboardFile = Main;
				INFOPLIST_KEY_UISupportedInterfaceOrientations_iPad = "UIInterfaceOrientationPortrait UIInterfaceOrientationPortraitUpsideDown UIInterfaceOrientationLandscapeLeft UIInterfaceOrientationLandscapeRight";
				INFOPLIST_KEY_UISupportedInterfaceOrientations_iPhone = "UIInterfaceOrientationPortrait UIInterfaceOrientationLandscapeLeft UIInterfaceOrientationLandscapeRight";
				IPHONEOS_DEPLOYMENT_TARGET = 12.0;
				LD_RUNPATH_SEARCH_PATHS = (
					"$(inherited)",
					"@executable_path/Frameworks",
				);
				MARKETING_VERSION = 1.0;
				PRODUCT_BUNDLE_IDENTIFIER = com.firstproject11.NumAllure;
				PRODUCT_NAME = "$(TARGET_NAME)";
				SUPPORTED_PLATFORMS = "iphoneos iphonesimulator";
				SUPPORTS_MACCATALYST = NO;
				SUPPORTS_MAC_DESIGNED_FOR_IPHONE_IPAD = NO;
				SWIFT_EMIT_LOC_STRINGS = YES;
				SWIFT_VERSION = 5.0;
				TARGETED_DEVICE_FAMILY = 1;
			};
			name = Debug;
		};
		61529B142B0E46BD000CC7F7 /* Release */ = {
			isa = XCBuildConfiguration;
			baseConfigurationReference = 3AA442AEDD8DC04CBB65A333 /* Pods-NumAllure.release.xcconfig */;
			buildSettings = {
				ASSETCATALOG_COMPILER_APPICON_NAME = AppIcon;
				ASSETCATALOG_COMPILER_GLOBAL_ACCENT_COLOR_NAME = AccentColor;
				CODE_SIGN_STYLE = Automatic;
				CURRENT_PROJECT_VERSION = 1;
				GENERATE_INFOPLIST_FILE = YES;
				INFOPLIST_FILE = NumAllure/Info.plist;
				INFOPLIST_KEY_CFBundleDisplayName = NumAllure;
				INFOPLIST_KEY_UIApplicationSupportsIndirectInputEvents = YES;
				INFOPLIST_KEY_UILaunchStoryboardName = LaunchScreen;
				INFOPLIST_KEY_UIMainStoryboardFile = Main;
				INFOPLIST_KEY_UISupportedInterfaceOrientations_iPad = "UIInterfaceOrientationPortrait UIInterfaceOrientationPortraitUpsideDown UIInterfaceOrientationLandscapeLeft UIInterfaceOrientationLandscapeRight";
				INFOPLIST_KEY_UISupportedInterfaceOrientations_iPhone = "UIInterfaceOrientationPortrait UIInterfaceOrientationLandscapeLeft UIInterfaceOrientationLandscapeRight";
				IPHONEOS_DEPLOYMENT_TARGET = 12.0;
				LD_RUNPATH_SEARCH_PATHS = (
					"$(inherited)",
					"@executable_path/Frameworks",
				);
				MARKETING_VERSION = 1.0;
				PRODUCT_BUNDLE_IDENTIFIER = com.firstproject11.NumAllure;
				PRODUCT_NAME = "$(TARGET_NAME)";
				SUPPORTED_PLATFORMS = "iphoneos iphonesimulator";
				SUPPORTS_MACCATALYST = NO;
				SUPPORTS_MAC_DESIGNED_FOR_IPHONE_IPAD = NO;
				SWIFT_EMIT_LOC_STRINGS = YES;
				SWIFT_VERSION = 5.0;
				TARGETED_DEVICE_FAMILY = 1;
			};
			name = Release;
		};
/* End XCBuildConfiguration section */

/* Begin XCConfigurationList section */
		61529AF92B0E46BC000CC7F7 /* Build configuration list for PBXProject "NumAllure" */ = {
			isa = XCConfigurationList;
			buildConfigurations = (
				61529B102B0E46BD000CC7F7 /* Debug */,
				61529B112B0E46BD000CC7F7 /* Release */,
			);
			defaultConfigurationIsVisible = 0;
			defaultConfigurationName = Release;
		};
		61529B122B0E46BD000CC7F7 /* Build configuration list for PBXNativeTarget "NumAllure" */ = {
			isa = XCConfigurationList;
			buildConfigurations = (
				61529B132B0E46BD000CC7F7 /* Debug */,
				61529B142B0E46BD000CC7F7 /* Release */,
			);
			defaultConfigurationIsVisible = 0;
			defaultConfigurationName = Release;
		};
/* End XCConfigurationList section */
	};
	rootObject = 61529AF62B0E46BC000CC7F7 /* Project object */;
}
